
Microsoft Visual Studio Solution File, Format Version 12.00
# Visual Studio Version 16
VisualStudioVersion = 16.0.34114.132
MinimumVisualStudioVersion = 10.0.40219.1
Project("{FAE04EC0-301F-11D3-BF4B-00C04F79EFBC}") = "Simulated Crosshair Editor", "Simulated Crosshair Editor\Simulated Crosshair Editor.csproj", "{F686F041-9B98-4C66-B1A5-C085F4A4A980}"
EndProject
Global
	GlobalSection(SolutionConfigurationPlatforms) = preSolution
		Debug|Any CPU = Debug|Any CPU
		Release|Any CPU = Release|Any CPU
	EndGlobalSection
	GlobalSection(ProjectConfigurationPlatforms) = postSolution
		{F686F041-9B98-4C66-B1A5-C085F4A4A980}.Debug|Any CPU.ActiveCfg = Debug|Any CPU
		{F686F041-9B98-4C66-B1A5-C085F4A4A980}.Debug|Any CPU.Build.0 = Debug|Any CPU
		{F686F041-9B98-4C66-B1A5-C085F4A4A980}.Release|Any CPU.ActiveCfg = Release|Any CPU
		{F686F041-9B98-4C66-B1A5-C085F4A4A980}.Release|Any CPU.Build.0 = Release|Any CPU
	EndGlobalSection
	GlobalSection(SolutionProperties) = preSolution
		HideSolutionNode = FALSE
	EndGlobalSection
	GlobalSection(ExtensibilityGlobals) = postSolution
		SolutionGuid = {D5777C22-8038-467A-B4B5-DE83E1386604}
	EndGlobalSection
EndGlobal
